
Microsoft Visual Studio Solution File, Format Version 12.00
# Visual Studio Version 17
VisualStudioVersion = 17.14.36429.23
MinimumVisualStudioVersion = 10.0.40219.1
Project("{FAE04EC0-301F-11D3-BF4B-00C04F79EFBC}") = "지니64", "지니64.csproj", "{BE5BB67F-F6ED-4DC8-9768-472002017C21}"
EndProject
Global
	GlobalSection(SolutionConfigurationPlatforms) = preSolution
		Debug|Any CPU = Debug|Any CPU
		Release|Any CPU = Release|Any CPU
	EndGlobalSection
	GlobalSection(ProjectConfigurationPlatforms) = postSolution
		{BE5BB67F-F6ED-4DC8-9768-472002017C21}.Debug|Any CPU.ActiveCfg = Debug|Any CPU
		{BE5BB67F-F6ED-4DC8-9768-472002017C21}.Debug|Any CPU.Build.0 = Debug|Any CPU
		{BE5BB67F-F6ED-4DC8-9768-472002017C21}.Release|Any CPU.ActiveCfg = Release|Any CPU
		{BE5BB67F-F6ED-4DC8-9768-472002017C21}.Release|Any CPU.Build.0 = Release|Any CPU
	EndGlobalSection
	GlobalSection(SolutionProperties) = preSolution
		HideSolutionNode = FALSE
	EndGlobalSection
	GlobalSection(ExtensibilityGlobals) = postSolution
		SolutionGuid = {C8594185-C00C-423E-B7A3-5625902476DC}
	EndGlobalSection
EndGlobal
